// !$*UTF8*$!
{
	archiveVersion = 1;
	classes = {
	};
	objectVersion = 77;
	objects = {

/* Begin PBXBuildFile section */
		2C6056C62F11FDF4009E17B8 /* ActivityKit.framework in Frameworks */ = {isa = PBXBuildFile; fileRef = 2C6056C52F11FDF4009E17B8 /* ActivityKit.framework */; };
		2CA4E9E32F57E0ED0055DC42 /* GoogleSignIn in Frameworks */ = {isa = PBXBuildFile; productRef = 2CA4E9E22F57E0ED0055DC42 /* GoogleSignIn */; };
		2CA4E9E52F57E0ED0055DC42 /* GoogleSignInSwift in Frameworks */ = {isa = PBXBuildFile; productRef = 2CA4E9E42F57E0ED0055DC42 /* GoogleSignInSwift */; };
		2CAE49C12F4AEA710032236E /* MarkdownUI in Frameworks */ = {isa = PBXBuildFile; productRef = 2CAE49C02F4AEA710032236E /* MarkdownUI */; };
		2CAE49C82F4AEF1E0032236E /* LaTeXSwiftUI in Frameworks */ = {isa = PBXBuildFile; productRef = 2CAE49C72F4AEF1E0032236E /* LaTeXSwiftUI */; };
		2CE0E16D2F4C26E0006EF697 /* FirebaseAnalytics in Frameworks */ = {isa = PBXBuildFile; productRef = 2CE0E16C2F4C26E0006EF697 /* FirebaseAnalytics */; };
		2CE0E16F2F4C26E0006EF697 /* FirebaseAuth in Frameworks */ = {isa = PBXBuildFile; productRef = 2CE0E16E2F4C26E0006EF697 /* FirebaseAuth */; };
		2CE0E1712F4C26E0006EF697 /* FirebaseCrashlytics in Frameworks */ = {isa = PBXBuildFile; productRef = 2CE0E1702F4C26E0006EF697 /* FirebaseCrashlytics */; };
		2CE0E1732F4C26E0006EF697 /* FirebaseDatabase in Frameworks */ = {isa = PBXBuildFile; productRef = 2CE0E1722F4C26E0006EF697 /* FirebaseDatabase */; };
		2CE0E1752F4C26E0006EF697 /* FirebaseFirestore in Frameworks */ = {isa = PBXBuildFile; productRef = 2CE0E1742F4C26E0006EF697 /* FirebaseFirestore */; };
		2CE0E1772F4C26E0006EF697 /* FirebaseFunctions in Frameworks */ = {isa = PBXBuildFile; productRef = 2CE0E1762F4C26E0006EF697 /* FirebaseFunctions */; };
		2CE0E1792F4C26E0006EF697 /* FirebaseMessaging in Frameworks */ = {isa = PBXBuildFile; productRef = 2CE0E1782F4C26E0006EF697 /* FirebaseMessaging */; };
		2CE0E17B2F4C26E0006EF697 /* FirebaseRemoteConfig in Frameworks */ = {isa = PBXBuildFile; productRef = 2CE0E17A2F4C26E0006EF697 /* FirebaseRemoteConfig */; };
		2CE0E17D2F4C26E0006EF697 /* FirebaseStorage in Frameworks */ = {isa = PBXBuildFile; productRef = 2CE0E17C2F4C26E0006EF697 /* FirebaseStorage */; };
/* End PBXBuildFile section */

/* Begin PBXContainerItemProxy section */
		2C98C8D12EFE4F0A00BF141B /* PBXContainerItemProxy */ = {
			isa = PBXContainerItemProxy;
			containerPortal = 2C98C8BB2EFE4F0800BF141B /* Project object */;
			proxyType = 1;
			remoteGlobalIDString = 2C98C8C22EFE4F0800BF141B;
			remoteInfo = "Korah (Beta)";
		};
		2C98C8DB2EFE4F0A00BF141B /* PBXContainerItemProxy */ = {
			isa = PBXContainerItemProxy;
			containerPortal = 2C98C8BB2EFE4F0800BF141B /* Project object */;
			proxyType = 1;
			remoteGlobalIDString = 2C98C8C22EFE4F0800BF141B;
			remoteInfo = "Korah (Beta)";
		};
/* End PBXContainerItemProxy section */

/* Begin PBXCopyFilesBuildPhase section */
		2C6056E52F1203A8009E17B8 /* Embed Foundation Extensions */ = {
			isa = PBXCopyFilesBuildPhase;
			buildActionMask = 2147483647;
			dstPath = "";
			dstSubfolderSpec = 13;
			files = (
			);
			name = "Embed Foundation Extensions";
			runOnlyForDeploymentPostprocessing = 0;
		};
/* End PBXCopyFilesBuildPhase section */

/* Begin PBXFileReference section */
		2C6056C52F11FDF4009E17B8 /* ActivityKit.framework */ = {isa = PBXFileReference; lastKnownFileType = wrapper.framework; name = ActivityKit.framework; path = System/Library/Frameworks/ActivityKit.framework; sourceTree = SDKROOT; };
		2C6056CE2F1203A6009E17B8 /* WidgetKit.framework */ = {isa = PBXFileReference; lastKnownFileType = wrapper.framework; name = WidgetKit.framework; path = System/Library/Frameworks/WidgetKit.framework; sourceTree = SDKROOT; };
		2C6056D02F1203A6009E17B8 /* SwiftUI.framework */ = {isa = PBXFileReference; lastKnownFileType = wrapper.framework; name = SwiftUI.framework; path = System/Library/Frameworks/SwiftUI.framework; sourceTree = SDKROOT; };
		2C98C8C32EFE4F0800BF141B /* Korah.app */ = {isa = PBXFileReference; explicitFileType = wrapper.application; includeInIndex = 0; path = Korah.app; sourceTree = BUILT_PRODUCTS_DIR; };
		2C98C8D02EFE4F0A00BF141B /* Korah (Beta)Tests.xctest */ = {isa = PBXFileReference; explicitFileType = wrapper.cfbundle; includeInIndex = 0; path = "Korah (Beta)Tests.xctest"; sourceTree = BUILT_PRODUCTS_DIR; };
		2C98C8DA2EFE4F0A00BF141B /* Korah (Beta)UITests.xctest */ = {isa = PBXFileReference; explicitFileType = wrapper.cfbundle; includeInIndex = 0; path = "Korah (Beta)UITests.xctest"; sourceTree = BUILT_PRODUCTS_DIR; };
/* End PBXFileReference section */

/* Begin PBXFileSystemSynchronizedRootGroup section */
		2C6056D22F1203A6009E17B8 /* FocusTimerWidget */ = {
			isa = PBXFileSystemSynchronizedRootGroup;
			path = FocusTimerWidget;
			sourceTree = "<group>";
		};
		2C98C8C52EFE4F0800BF141B /* Korah (Beta) */ = {
			isa = PBXFileSystemSynchronizedRootGroup;
			path = "Korah (Beta)";
			sourceTree = "<group>";
		};
		2C98C8D32EFE4F0A00BF141B /* Korah (Beta)Tests */ = {
			isa = PBXFileSystemSynchronizedRootGroup;
			path = "Korah (Beta)Tests";
			sourceTree = "<group>";
		};
		2C98C8DD2EFE4F0A00BF141B /* Korah (Beta)UITests */ = {
			isa = PBXFileSystemSynchronizedRootGroup;
			path = "Korah (Beta)UITests";
			sourceTree = "<group>";
		};
/* End PBXFileSystemSynchronizedRootGroup section */

/* Begin PBXFrameworksBuildPhase section */
		2C98C8C02EFE4F0800BF141B /* Frameworks */ = {
			isa = PBXFrameworksBuildPhase;
			buildActionMask = 2147483647;
			files = (
				2CE0E17B2F4C26E0006EF697 /* FirebaseRemoteConfig in Frameworks */,
				2C6056C62F11FDF4009E17B8 /* ActivityKit.framework in Frameworks */,
				2CE0E16F2F4C26E0006EF697 /* FirebaseAuth in Frameworks */,
				2CA4E9E32F57E0ED0055DC42 /* GoogleSignIn in Frameworks */,
				2CE0E1792F4C26E0006EF697 /* FirebaseMessaging in Frameworks */,
				2CAE49C12F4AEA710032236E /* MarkdownUI in Frameworks */,
				2CE0E17D2F4C26E0006EF697 /* FirebaseStorage in Frameworks */,
				2CE0E1772F4C26E0006EF697 /* FirebaseFunctions in Frameworks */,
				2CE0E1712F4C26E0006EF697 /* FirebaseCrashlytics in Frameworks */,
				2CA4E9E52F57E0ED0055DC42 /* GoogleSignInSwift in Frameworks */,
				2CE0E16D2F4C26E0006EF697 /* FirebaseAnalytics in Frameworks */,
				2CE0E1752F4C26E0006EF697 /* FirebaseFirestore in Frameworks */,
				2CE0E1732F4C26E0006EF697 /* FirebaseDatabase in Frameworks */,
				2CAE49C82F4AEF1E0032236E /* LaTeXSwiftUI in Frameworks */,
			);
			runOnlyForDeploymentPostprocessing = 0;
		};
		2C98C8CD2EFE4F0A00BF141B /* Frameworks */ = {
			isa = PBXFrameworksBuildPhase;
			buildActionMask = 2147483647;
			files = (
			);
			runOnlyForDeploymentPostprocessing = 0;
		};
		2C98C8D72EFE4F0A00BF141B /* Frameworks */ = {
			isa = PBXFrameworksBuildPhase;
			buildActionMask = 2147483647;
			files = (
			);
			runOnlyForDeploymentPostprocessing = 0;
		};
/* End PBXFrameworksBuildPhase section */

/* Begin PBXGroup section */
		2C6056C42F11FDF4009E17B8 /* Frameworks */ = {
			isa = PBXGroup;
			children = (
				2C6056C52F11FDF4009E17B8 /* ActivityKit.framework */,
				2C6056CE2F1203A6009E17B8 /* WidgetKit.framework */,
				2C6056D02F1203A6009E17B8 /* SwiftUI.framework */,
			);
			name = Frameworks;
			sourceTree = "<group>";
		};
		2C98C8BA2EFE4F0800BF141B = {
			isa = PBXGroup;
			children = (
				2C98C8C52EFE4F0800BF141B /* Korah (Beta) */,
				2C98C8D32EFE4F0A00BF141B /* Korah (Beta)Tests */,
				2C98C8DD2EFE4F0A00BF141B /* Korah (Beta)UITests */,
				2C6056D22F1203A6009E17B8 /* FocusTimerWidget */,
				2C98C8C42EFE4F0800BF141B /* Products */,
				2C6056C42F11FDF4009E17B8 /* Frameworks */,
			);
			sourceTree = "<group>";
		};
		2C98C8C42EFE4F0800BF141B /* Products */ = {
			isa = PBXGroup;
			children = (
				2C98C8C32EFE4F0800BF141B /* Korah.app */,
				2C98C8D02EFE4F0A00BF141B /* Korah (Beta)Tests.xctest */,
				2C98C8DA2EFE4F0A00BF141B /* Korah (Beta)UITests.xctest */,
			);
			name = Products;
			sourceTree = "<group>";
		};
/* End PBXGroup section */

/* Begin PBXNativeTarget section */
		2C98C8C22EFE4F0800BF141B /* Korah (Beta) */ = {
			isa = PBXNativeTarget;
			buildConfigurationList = 2C98C8E42EFE4F0A00BF141B /* Build configuration list for PBXNativeTarget "Korah (Beta)" */;
			buildPhases = (
				2C98C8BF2EFE4F0800BF141B /* Sources */,
				2C98C8C02EFE4F0800BF141B /* Frameworks */,
				2C98C8C12EFE4F0800BF141B /* Resources */,
				2C6056E52F1203A8009E17B8 /* Embed Foundation Extensions */,
			);
			buildRules = (
			);
			dependencies = (
			);
			fileSystemSynchronizedGroups = (
				2C98C8C52EFE4F0800BF141B /* Korah (Beta) */,
			);
			name = "Korah (Beta)";
			packageProductDependencies = (
				2CAE49C02F4AEA710032236E /* MarkdownUI */,
				2CAE49C72F4AEF1E0032236E /* LaTeXSwiftUI */,
				2CE0E16C2F4C26E0006EF697 /* FirebaseAnalytics */,
				2CE0E16E2F4C26E0006EF697 /* FirebaseAuth */,
				2CE0E1702F4C26E0006EF697 /* FirebaseCrashlytics */,
				2CE0E1722F4C26E0006EF697 /* FirebaseDatabase */,
				2CE0E1742F4C26E0006EF697 /* FirebaseFirestore */,
				2CE0E1762F4C26E0006EF697 /* FirebaseFunctions */,
				2CE0E1782F4C26E0006EF697 /* FirebaseMessaging */,
				2CE0E17A2F4C26E0006EF697 /* FirebaseRemoteConfig */,
				2CE0E17C2F4C26E0006EF697 /* FirebaseStorage */,
				2CA4E9E22F57E0ED0055DC42 /* GoogleSignIn */,
				2CA4E9E42F57E0ED0055DC42 /* GoogleSignInSwift */,
			);
			productName = "Korah (Beta)";
			productReference = 2C98C8C32EFE4F0800BF141B /* Korah.app */;
			productType = "com.apple.product-type.application";
		};
		2C98C8CF2EFE4F0A00BF141B /* Korah (Beta)Tests */ = {
			isa = PBXNativeTarget;
			buildConfigurationList = 2C98C8E72EFE4F0A00BF141B /* Build configuration list for PBXNativeTarget "Korah (Beta)Tests" */;
			buildPhases = (
				2C98C8CC2EFE4F0A00BF141B /* Sources */,
				2C98C8CD2EFE4F0A00BF141B /* Frameworks */,
				2C98C8CE2EFE4F0A00BF141B /* Resources */,
			);
			buildRules = (
			);
			dependencies = (
				2C98C8D22EFE4F0A00BF141B /* PBXTargetDependency */,
			);
			fileSystemSynchronizedGroups = (
				2C98C8D32EFE4F0A00BF141B /* Korah (Beta)Tests */,
			);
			name = "Korah (Beta)Tests";
			packageProductDependencies = (
			);
			productName = "Korah (Beta)Tests";
			productReference = 2C98C8D02EFE4F0A00BF141B /* Korah (Beta)Tests.xctest */;
			productType = "com.apple.product-type.bundle.unit-test";
		};
		2C98C8D92EFE4F0A00BF141B /* Korah (Beta)UITests */ = {
			isa = PBXNativeTarget;
			buildConfigurationList = 2C98C8EA2EFE4F0A00BF141B /* Build configuration list for PBXNativeTarget "Korah (Beta)UITests" */;
			buildPhases = (
				2C98C8D62EFE4F0A00BF141B /* Sources */,
				2C98C8D72EFE4F0A00BF141B /* Frameworks */,
				2C98C8D82EFE4F0A00BF141B /* Resources */,
			);
			buildRules = (
			);
			dependencies = (
				2C98C8DC2EFE4F0A00BF141B /* PBXTargetDependency */,
			);
			fileSystemSynchronizedGroups = (
				2C98C8DD2EFE4F0A00BF141B /* Korah (Beta)UITests */,
			);
			name = "Korah (Beta)UITests";
			packageProductDependencies = (
			);
			productName = "Korah (Beta)UITests";
			productReference = 2C98C8DA2EFE4F0A00BF141B /* Korah (Beta)UITests.xctest */;
			productType = "com.apple.product-type.bundle.ui-testing";
		};
/* End PBXNativeTarget section */

/* Begin PBXProject section */
		2C98C8BB2EFE4F0800BF141B /* Project object */ = {
			isa = PBXProject;
			attributes = {
				BuildIndependentTargetsInParallel = 1;
				LastSwiftUpdateCheck = 2620;
				LastUpgradeCheck = 2600;
				TargetAttributes = {
					2C98C8C22EFE4F0800BF141B = {
						CreatedOnToolsVersion = 26.0.1;
					};
					2C98C8CF2EFE4F0A00BF141B = {
						CreatedOnToolsVersion = 26.0.1;
						TestTargetID = 2C98C8C22EFE4F0800BF141B;
					};
					2C98C8D92EFE4F0A00BF141B = {
						CreatedOnToolsVersion = 26.0.1;
						TestTargetID = 2C98C8C22EFE4F0800BF141B;
					};
				};
			};
			buildConfigurationList = 2C98C8BE2EFE4F0800BF141B /* Build configuration list for PBXProject "Korah (Beta)" */;
			developmentRegion = en;
			hasScannedForEncodings = 0;
			knownRegions = (
				en,
				Base,
			);
			mainGroup = 2C98C8BA2EFE4F0800BF141B;
			minimizedProjectReferenceProxies = 1;
			packageReferences = (
				2CAE49BF2F4AEA710032236E /* XCRemoteSwiftPackageReference "swift-markdown-ui" */,
				2CAE49C62F4AEF1E0032236E /* XCRemoteSwiftPackageReference "LaTeXSwiftUI" */,
				2CE0E16B2F4C26E0006EF697 /* XCRemoteSwiftPackageReference "firebase-ios-sdk" */,
				2CA4E9E12F57E0ED0055DC42 /* XCRemoteSwiftPackageReference "GoogleSignIn-iOS" */,
			);
			preferredProjectObjectVersion = 77;
			productRefGroup = 2C98C8C42EFE4F0800BF141B /* Products */;
			projectDirPath = "";
			projectRoot = "";
			targets = (
				2C98C8C22EFE4F0800BF141B /* Korah (Beta) */,
				2C98C8CF2EFE4F0A00BF141B /* Korah (Beta)Tests */,
				2C98C8D92EFE4F0A00BF141B /* Korah (Beta)UITests */,
			);
		};
/* End PBXProject section */

/* Begin PBXResourcesBuildPhase section */
		2C98C8C12EFE4F0800BF141B /* Resources */ = {
			isa = PBXResourcesBuildPhase;
			buildActionMask = 2147483647;
			files = (
			);
			runOnlyForDeploymentPostprocessing = 0;
		};
		2C98C8CE2EFE4F0A00BF141B /* Resources */ = {
			isa = PBXResourcesBuildPhase;
			buildActionMask = 2147483647;
			files = (
			);
			runOnlyForDeploymentPostprocessing = 0;
		};
		2C98C8D82EFE4F0A00BF141B /* Resources */ = {
			isa = PBXResourcesBuildPhase;
			buildActionMask = 2147483647;
			files = (
			);
			runOnlyForDeploymentPostprocessing = 0;
		};
/* End PBXResourcesBuildPhase section */

/* Begin PBXSourcesBuildPhase section */
		2C98C8BF2EFE4F0800BF141B /* Sources */ = {
			isa = PBXSourcesBuildPhase;
			buildActionMask = 2147483647;
			files = (
			);
			runOnlyForDeploymentPostprocessing = 0;
		};
		2C98C8CC2EFE4F0A00BF141B /* Sources */ = {
			isa = PBXSourcesBuildPhase;
			buildActionMask = 2147483647;
			files = (
			);
			runOnlyForDeploymentPostprocessing = 0;
		};
		2C98C8D62EFE4F0A00BF141B /* Sources */ = {
			isa = PBXSourcesBuildPhase;
			buildActionMask = 2147483647;
			files = (
			);
			runOnlyForDeploymentPostprocessing = 0;
		};
/* End PBXSourcesBuildPhase section */

/* Begin PBXTargetDependency section */
		2C98C8D22EFE4F0A00BF141B /* PBXTargetDependency */ = {
			isa = PBXTargetDependency;
			target = 2C98C8C22EFE4F0800BF141B /* Korah (Beta) */;
			targetProxy = 2C98C8D12EFE4F0A00BF141B /* PBXContainerItemProxy */;
		};
		2C98C8DC2EFE4F0A00BF141B /* PBXTargetDependency */ = {
			isa = PBXTargetDependency;
			target = 2C98C8C22EFE4F0800BF141B /* Korah (Beta) */;
			targetProxy = 2C98C8DB2EFE4F0A00BF141B /* PBXContainerItemProxy */;
		};
/* End PBXTargetDependency section */

/* Begin XCBuildConfiguration section */
		2C98C8E22EFE4F0A00BF141B /* Debug */ = {
			isa = XCBuildConfiguration;
			buildSettings = {
				ALWAYS_SEARCH_USER_PATHS = NO;
				ASSETCATALOG_COMPILER_GENERATE_SWIFT_ASSET_SYMBOL_EXTENSIONS = YES;
				CLANG_ANALYZER_NONNULL = YES;
				CLANG_ANALYZER_NUMBER_OBJECT_CONVERSION = YES_AGGRESSIVE;
				CLANG_CXX_LANGUAGE_STANDARD = "gnu++20";
				CLANG_ENABLE_MODULES = YES;
				CLANG_ENABLE_OBJC_ARC = YES;
				CLANG_ENABLE_OBJC_WEAK = YES;
				CLANG_WARN_BLOCK_CAPTURE_AUTORELEASING = YES;
				CLANG_WARN_BOOL_CONVERSION = YES;
				CLANG_WARN_COMMA = YES;
				CLANG_WARN_CONSTANT_CONVERSION = YES;
				CLANG_WARN_DEPRECATED_OBJC_IMPLEMENTATIONS = YES;
				CLANG_WARN_DIRECT_OBJC_ISA_USAGE = YES_ERROR;
				CLANG_WARN_DOCUMENTATION_COMMENTS = YES;
				CLANG_WARN_EMPTY_BODY = YES;
				CLANG_WARN_ENUM_CONVERSION = YES;
				CLANG_WARN_INFINITE_RECURSION = YES;
				CLANG_WARN_INT_CONVERSION = YES;
				CLANG_WARN_NON_LITERAL_NULL_CONVERSION = YES;
				CLANG_WARN_OBJC_IMPLICIT_RETAIN_SELF = YES;
				CLANG_WARN_OBJC_LITERAL_CONVERSION = YES;
				CLANG_WARN_OBJC_ROOT_CLASS = YES_ERROR;
				CLANG_WARN_QUOTED_INCLUDE_IN_FRAMEWORK_HEADER = YES;
				CLANG_WARN_RANGE_LOOP_ANALYSIS = YES;
				CLANG_WARN_STRICT_PROTOTYPES = YES;
				CLANG_WARN_SUSPICIOUS_MOVE = YES;
				CLANG_WARN_UNGUARDED_AVAILABILITY = YES_AGGRESSIVE;
				CLANG_WARN_UNREACHABLE_CODE = YES;
				CLANG_WARN__DUPLICATE_METHOD_MATCH = YES;
				COPY_PHASE_STRIP = NO;
				DEBUG_INFORMATION_FORMAT = dwarf;
				DEVELOPMENT_TEAM = 34JPJ689V8;
				ENABLE_STRICT_OBJC_MSGSEND = YES;
				ENABLE_TESTABILITY = YES;
				ENABLE_USER_SCRIPT_SANDBOXING = YES;
				GCC_C_LANGUAGE_STANDARD = gnu17;
				GCC_DYNAMIC_NO_PIC = NO;
				GCC_NO_COMMON_BLOCKS = YES;
				GCC_OPTIMIZATION_LEVEL = 0;
				GCC_PREPROCESSOR_DEFINITIONS = (
					"DEBUG=1",
					"$(inherited)",
				);
				GCC_WARN_64_TO_32_BIT_CONVERSION = YES;
				GCC_WARN_ABOUT_RETURN_TYPE = YES_ERROR;
				GCC_WARN_UNDECLARED_SELECTOR = YES;
				GCC_WARN_UNINITIALIZED_AUTOS = YES_AGGRESSIVE;
				GCC_WARN_UNUSED_FUNCTION = YES;
				GCC_WARN_UNUSED_VARIABLE = YES;
				IPHONEOS_DEPLOYMENT_TARGET = 26.0;
				LOCALIZATION_PREFERS_STRING_CATALOGS = YES;
				MTL_ENABLE_DEBUG_INFO = INCLUDE_SOURCE;
				MTL_FAST_MATH = YES;
				ONLY_ACTIVE_ARCH = YES;
				SDKROOT = iphoneos;
				SWIFT_ACTIVE_COMPILATION_CONDITIONS = "DEBUG $(inherited)";
				SWIFT_OPTIMIZATION_LEVEL = "-Onone";
			};
			name = Debug;
		};
		2C98C8E32EFE4F0A00BF141B /* Release */ = {
			isa = XCBuildConfiguration;
			buildSettings = {
				ALWAYS_SEARCH_USER_PATHS = NO;
				ASSETCATALOG_COMPILER_GENERATE_SWIFT_ASSET_SYMBOL_EXTENSIONS = YES;
				CLANG_ANALYZER_NONNULL = YES;
				CLANG_ANALYZER_NUMBER_OBJECT_CONVERSION = YES_AGGRESSIVE;
				CLANG_CXX_LANGUAGE_STANDARD = "gnu++20";
				CLANG_ENABLE_MODULES = YES;
				CLANG_ENABLE_OBJC_ARC = YES;
				CLANG_ENABLE_OBJC_WEAK = YES;
				CLANG_WARN_BLOCK_CAPTURE_AUTORELEASING = YES;
				CLANG_WARN_BOOL_CONVERSION = YES;
				CLANG_WARN_COMMA = YES;
				CLANG_WARN_CONSTANT_CONVERSION = YES;
				CLANG_WARN_DEPRECATED_OBJC_IMPLEMENTATIONS = YES;
				CLANG_WARN_DIRECT_OBJC_ISA_USAGE = YES_ERROR;
				CLANG_WARN_DOCUMENTATION_COMMENTS = YES;
				CLANG_WARN_EMPTY_BODY = YES;
				CLANG_WARN_ENUM_CONVERSION = YES;
				CLANG_WARN_INFINITE_RECURSION = YES;
				CLANG_WARN_INT_CONVERSION = YES;
				CLANG_WARN_NON_LITERAL_NULL_CONVERSION = YES;
				CLANG_WARN_OBJC_IMPLICIT_RETAIN_SELF = YES;
				CLANG_WARN_OBJC_LITERAL_CONVERSION = YES;
				CLANG_WARN_OBJC_ROOT_CLASS = YES_ERROR;
				CLANG_WARN_QUOTED_INCLUDE_IN_FRAMEWORK_HEADER = YES;
				CLANG_WARN_RANGE_LOOP_ANALYSIS = YES;
				CLANG_WARN_STRICT_PROTOTYPES = YES;
				CLANG_WARN_SUSPICIOUS_MOVE = YES;
				CLANG_WARN_UNGUARDED_AVAILABILITY = YES_AGGRESSIVE;
				CLANG_WARN_UNREACHABLE_CODE = YES;
				CLANG_WARN__DUPLICATE_METHOD_MATCH = YES;
				COPY_PHASE_STRIP = NO;
				DEBUG_INFORMATION_FORMAT = "dwarf-with-dsym";
				DEVELOPMENT_TEAM = 34JPJ689V8;
				ENABLE_NS_ASSERTIONS = NO;
				ENABLE_STRICT_OBJC_MSGSEND = YES;
				ENABLE_USER_SCRIPT_SANDBOXING = YES;
				GCC_C_LANGUAGE_STANDARD = gnu17;
				GCC_NO_COMMON_BLOCKS = YES;
				GCC_WARN_64_TO_32_BIT_CONVERSION = YES;
				GCC_WARN_ABOUT_RETURN_TYPE = YES_ERROR;
				GCC_WARN_UNDECLARED_SELECTOR = YES;
				GCC_WARN_UNINITIALIZED_AUTOS = YES_AGGRESSIVE;
				GCC_WARN_UNUSED_FUNCTION = YES;
				GCC_WARN_UNUSED_VARIABLE = YES;
				IPHONEOS_DEPLOYMENT_TARGET = 26.0;
				LOCALIZATION_PREFERS_STRING_CATALOGS = YES;
				MTL_ENABLE_DEBUG_INFO = NO;
				MTL_FAST_MATH = YES;
				SDKROOT = iphoneos;
				SWIFT_COMPILATION_MODE = wholemodule;
				VALIDATE_PRODUCT = YES;
			};
			name = Release;
		};
		2C98C8E52EFE4F0A00BF141B /* Debug */ = {
			isa = XCBuildConfiguration;
			buildSettings = {
				ASSETCATALOG_COMPILER_APPICON_NAME = AppIcon;
				ASSETCATALOG_COMPILER_GLOBAL_ACCENT_COLOR_NAME = AccentColor;
				ASSETCATALOG_COMPILER_INCLUDE_ALL_APPICON_ASSETS = YES;
				CODE_SIGN_ENTITLEMENTS = "Korah (Beta)/Korah (Beta).entitlements";
				CODE_SIGN_STYLE = Automatic;
				CURRENT_PROJECT_VERSION = 1;
				DEVELOPMENT_TEAM = 34JPJ689V8;
				ENABLE_PREVIEWS = YES;
				GENERATE_INFOPLIST_FILE = YES;
				INFOPLIST_FILE = "Korah--Beta--Info.plist";
				INFOPLIST_KEY_CFBundleDisplayName = Korah;
				INFOPLIST_KEY_ITSAppUsesNonExemptEncryption = NO;
				INFOPLIST_KEY_LSApplicationCategoryType = "public.app-category.education";
				INFOPLIST_KEY_NSCameraUsageDescription = "Korah uses your camera to scan study materials and documents";
				INFOPLIST_KEY_NSMicrophoneUsageDescription = "Korah uses your microphone for AI voice tutoring conversations";
				INFOPLIST_KEY_NSPhotoLibraryUsageDescription = "Korah uses your photo library to access select study materials and documents";
				INFOPLIST_KEY_NSSpeechRecognitionUsageDescription = "Korah uses speech recognition to transcribe your voice questions to the AI tutor";
				INFOPLIST_KEY_NSSupportsLiveActivities = YES;
				INFOPLIST_KEY_UIApplicationSceneManifest_Generation = YES;
				INFOPLIST_KEY_UIApplicationSupportsIndirectInputEvents = YES;
				INFOPLIST_KEY_UILaunchScreen_Generation = YES;
				INFOPLIST_KEY_UILaunchStoryboardName = AppIcon;
				INFOPLIST_KEY_UISupportedInterfaceOrientations = UIInterfaceOrientationPortrait;
				INFOPLIST_KEY_UISupportedInterfaceOrientations_iPad = "UIInterfaceOrientationPortrait UIInterfaceOrientationPortraitUpsideDown";
				IPHONEOS_DEPLOYMENT_TARGET = 26.0;
				LD_RUNPATH_SEARCH_PATHS = (
					"$(inherited)",
					"@executable_path/Frameworks",
				);
				MARKETING_VERSION = 1.0;
				OTHER_LDFLAGS = "-ObjC";
				PRODUCT_BUNDLE_IDENTIFIER = com.korah.korah;
				PRODUCT_NAME = Korah;
				STRING_CATALOG_GENERATE_SYMBOLS = YES;
				SWIFT_APPROACHABLE_CONCURRENCY = YES;
				SWIFT_DEFAULT_ACTOR_ISOLATION = MainActor;
				SWIFT_EMIT_LOC_STRINGS = YES;
				SWIFT_UPCOMING_FEATURE_MEMBER_IMPORT_VISIBILITY = YES;
				SWIFT_VERSION = 5.0;
				TARGETED_DEVICE_FAMILY = "1,2";
			};
			name = Debug;
		};
		2C98C8E62EFE4F0A00BF141B /* Release */ = {
			isa = XCBuildConfiguration;
			buildSettings = {
				ASSETCATALOG_COMPILER_APPICON_NAME = AppIcon;
				ASSETCATALOG_COMPILER_GLOBAL_ACCENT_COLOR_NAME = AccentColor;
				ASSETCATALOG_COMPILER_INCLUDE_ALL_APPICON_ASSETS = YES;
				CODE_SIGN_ENTITLEMENTS = "Korah (Beta)/Korah (Beta).entitlements";
				CODE_SIGN_STYLE = Automatic;
				CURRENT_PROJECT_VERSION = 1;
				DEVELOPMENT_TEAM = 34JPJ689V8;
				ENABLE_PREVIEWS = YES;
				GENERATE_INFOPLIST_FILE = YES;
				INFOPLIST_FILE = "Korah--Beta--Info.plist";
				INFOPLIST_KEY_CFBundleDisplayName = Korah;
				INFOPLIST_KEY_ITSAppUsesNonExemptEncryption = NO;
				INFOPLIST_KEY_LSApplicationCategoryType = "public.app-category.education";
				INFOPLIST_KEY_NSCameraUsageDescription = "Korah uses your camera to scan study materials and documents";
				INFOPLIST_KEY_NSMicrophoneUsageDescription = "Korah uses your microphone for AI voice tutoring conversations";
				INFOPLIST_KEY_NSPhotoLibraryUsageDescription = "Korah uses your photo library to access select study materials and documents";
				INFOPLIST_KEY_NSSpeechRecognitionUsageDescription = "Korah uses speech recognition to transcribe your voice questions to the AI tutor";
				INFOPLIST_KEY_NSSupportsLiveActivities = YES;
				INFOPLIST_KEY_UIApplicationSceneManifest_Generation = YES;
				INFOPLIST_KEY_UIApplicationSupportsIndirectInputEvents = YES;
				INFOPLIST_KEY_UILaunchScreen_Generation = YES;
				INFOPLIST_KEY_UILaunchStoryboardName = AppIcon;
				INFOPLIST_KEY_UISupportedInterfaceOrientations = UIInterfaceOrientationPortrait;
				INFOPLIST_KEY_UISupportedInterfaceOrientations_iPad = "UIInterfaceOrientationPortrait UIInterfaceOrientationPortraitUpsideDown";
				IPHONEOS_DEPLOYMENT_TARGET = 26.0;
				LD_RUNPATH_SEARCH_PATHS = (
					"$(inherited)",
					"@executable_path/Frameworks",
				);
				MARKETING_VERSION = 1.0;
				OTHER_LDFLAGS = "-ObjC";
				PRODUCT_BUNDLE_IDENTIFIER = com.korah.korah;
				PRODUCT_NAME = Korah;
				STRING_CATALOG_GENERATE_SYMBOLS = YES;
				SWIFT_APPROACHABLE_CONCURRENCY = YES;
				SWIFT_DEFAULT_ACTOR_ISOLATION = MainActor;
				SWIFT_EMIT_LOC_STRINGS = YES;
				SWIFT_UPCOMING_FEATURE_MEMBER_IMPORT_VISIBILITY = YES;
				SWIFT_VERSION = 5.0;
				TARGETED_DEVICE_FAMILY = "1,2";
			};
			name = Release;
		};
		2C98C8E82EFE4F0A00BF141B /* Debug */ = {
			isa = XCBuildConfiguration;
			buildSettings = {
				BUNDLE_LOADER = "$(TEST_HOST)";
				CODE_SIGN_STYLE = Automatic;
				CURRENT_PROJECT_VERSION = 1;
				DEVELOPMENT_TEAM = 34JPJ689V8;
				GENERATE_INFOPLIST_FILE = YES;
				IPHONEOS_DEPLOYMENT_TARGET = 26.0;
				MARKETING_VERSION = 1.0;
				PRODUCT_BUNDLE_IDENTIFIER = "oscar.Korah--Beta-Tests";
				PRODUCT_NAME = "$(TARGET_NAME)";
				STRING_CATALOG_GENERATE_SYMBOLS = NO;
				SWIFT_APPROACHABLE_CONCURRENCY = YES;
				SWIFT_EMIT_LOC_STRINGS = NO;
				SWIFT_UPCOMING_FEATURE_MEMBER_IMPORT_VISIBILITY = YES;
				SWIFT_VERSION = 5.0;
				TARGETED_DEVICE_FAMILY = "1,2";
				TEST_HOST = "$(BUILT_PRODUCTS_DIR)/Korah (Beta).app/$(BUNDLE_EXECUTABLE_FOLDER_PATH)/Korah (Beta)";
			};
			name = Debug;
		};
		2C98C8E92EFE4F0A00BF141B /* Release */ = {
			isa = XCBuildConfiguration;
			buildSettings = {
				BUNDLE_LOADER = "$(TEST_HOST)";
				CODE_SIGN_STYLE = Automatic;
				CURRENT_PROJECT_VERSION = 1;
				DEVELOPMENT_TEAM = 34JPJ689V8;
				GENERATE_INFOPLIST_FILE = YES;
				IPHONEOS_DEPLOYMENT_TARGET = 26.0;
				MARKETING_VERSION = 1.0;
				PRODUCT_BUNDLE_IDENTIFIER = "oscar.Korah--Beta-Tests";
				PRODUCT_NAME = "$(TARGET_NAME)";
				STRING_CATALOG_GENERATE_SYMBOLS = NO;
				SWIFT_APPROACHABLE_CONCURRENCY = YES;
				SWIFT_EMIT_LOC_STRINGS = NO;
				SWIFT_UPCOMING_FEATURE_MEMBER_IMPORT_VISIBILITY = YES;
				SWIFT_VERSION = 5.0;
				TARGETED_DEVICE_FAMILY = "1,2";
				TEST_HOST = "$(BUILT_PRODUCTS_DIR)/Korah (Beta).app/$(BUNDLE_EXECUTABLE_FOLDER_PATH)/Korah (Beta)";
			};
			name = Release;
		};
		2C98C8EB2EFE4F0A00BF141B /* Debug */ = {
			isa = XCBuildConfiguration;
			buildSettings = {
				CODE_SIGN_STYLE = Automatic;
				CURRENT_PROJECT_VERSION = 1;
				DEVELOPMENT_TEAM = 34JPJ689V8;
				GENERATE_INFOPLIST_FILE = YES;
				MARKETING_VERSION = 1.0;
				PRODUCT_BUNDLE_IDENTIFIER = "oscar.Korah--Beta-UITests";
				PRODUCT_NAME = "$(TARGET_NAME)";
				STRING_CATALOG_GENERATE_SYMBOLS = NO;
				SWIFT_APPROACHABLE_CONCURRENCY = YES;
				SWIFT_EMIT_LOC_STRINGS = NO;
				SWIFT_UPCOMING_FEATURE_MEMBER_IMPORT_VISIBILITY = YES;
				SWIFT_VERSION = 5.0;
				TARGETED_DEVICE_FAMILY = "1,2";
				TEST_TARGET_NAME = "Korah (Beta)";
			};
			name = Debug;
		};
		2C98C8EC2EFE4F0A00BF141B /* Release */ = {
			isa = XCBuildConfiguration;
			buildSettings = {
				CODE_SIGN_STYLE = Automatic;
				CURRENT_PROJECT_VERSION = 1;
				DEVELOPMENT_TEAM = 34JPJ689V8;
				GENERATE_INFOPLIST_FILE = YES;
				MARKETING_VERSION = 1.0;
				PRODUCT_BUNDLE_IDENTIFIER = "oscar.Korah--Beta-UITests";
				PRODUCT_NAME = "$(TARGET_NAME)";
				STRING_CATALOG_GENERATE_SYMBOLS = NO;
				SWIFT_APPROACHABLE_CONCURRENCY = YES;
				SWIFT_EMIT_LOC_STRINGS = NO;
				SWIFT_UPCOMING_FEATURE_MEMBER_IMPORT_VISIBILITY = YES;
				SWIFT_VERSION = 5.0;
				TARGETED_DEVICE_FAMILY = "1,2";
				TEST_TARGET_NAME = "Korah (Beta)";
			};
			name = Release;
		};
/* End XCBuildConfiguration section */

/* Begin XCConfigurationList section */
		2C98C8BE2EFE4F0800BF141B /* Build configuration list for PBXProject "Korah (Beta)" */ = {
			isa = XCConfigurationList;
			buildConfigurations = (
				2C98C8E22EFE4F0A00BF141B /* Debug */,
				2C98C8E32EFE4F0A00BF141B /* Release */,
			);
			defaultConfigurationIsVisible = 0;
			defaultConfigurationName = Release;
		};
		2C98C8E42EFE4F0A00BF141B /* Build configuration list for PBXNativeTarget "Korah (Beta)" */ = {
			isa = XCConfigurationList;
			buildConfigurations = (
				2C98C8E52EFE4F0A00BF141B /* Debug */,
				2C98C8E62EFE4F0A00BF141B /* Release */,
			);
			defaultConfigurationIsVisible = 0;
			defaultConfigurationName = Release;
		};
		2C98C8E72EFE4F0A00BF141B /* Build configuration list for PBXNativeTarget "Korah (Beta)Tests" */ = {
			isa = XCConfigurationList;
			buildConfigurations = (
				2C98C8E82EFE4F0A00BF141B /* Debug */,
				2C98C8E92EFE4F0A00BF141B /* Release */,
			);
			defaultConfigurationIsVisible = 0;
			defaultConfigurationName = Release;
		};
		2C98C8EA2EFE4F0A00BF141B /* Build configuration list for PBXNativeTarget "Korah (Beta)UITests" */ = {
			isa = XCConfigurationList;
			buildConfigurations = (
				2C98C8EB2EFE4F0A00BF141B /* Debug */,
				2C98C8EC2EFE4F0A00BF141B /* Release */,
			);
			defaultConfigurationIsVisible = 0;
			defaultConfigurationName = Release;
		};
/* End XCConfigurationList section */

/* Begin XCRemoteSwiftPackageReference section */
		2CA4E9E12F57E0ED0055DC42 /* XCRemoteSwiftPackageReference "GoogleSignIn-iOS" */ = {
			isa = XCRemoteSwiftPackageReference;
			repositoryURL = "https://github.com/google/GoogleSignIn-iOS";
			requirement = {
				kind = upToNextMajorVersion;
				minimumVersion = 9.1.0;
			};
		};
		2CAE49BF2F4AEA710032236E /* XCRemoteSwiftPackageReference "swift-markdown-ui" */ = {
			isa = XCRemoteSwiftPackageReference;
			repositoryURL = "https://github.com/gonzalezreal/swift-markdown-ui.git";
			requirement = {
				kind = upToNextMajorVersion;
				minimumVersion = 2.4.1;
			};
		};
		2CAE49C62F4AEF1E0032236E /* XCRemoteSwiftPackageReference "LaTeXSwiftUI" */ = {
			isa = XCRemoteSwiftPackageReference;
			repositoryURL = "https://github.com/colinc86/LaTeXSwiftUI";
			requirement = {
				branch = main;
				kind = branch;
			};
		};
		2CE0E16B2F4C26E0006EF697 /* XCRemoteSwiftPackageReference "firebase-ios-sdk" */ = {
			isa = XCRemoteSwiftPackageReference;
			repositoryURL = "https://github.com/firebase/firebase-ios-sdk";
			requirement = {
				kind = upToNextMajorVersion;
				minimumVersion = 12.9.0;
			};
		};
/* End XCRemoteSwiftPackageReference section */

/* Begin XCSwiftPackageProductDependency section */
		2CA4E9E22F57E0ED0055DC42 /* GoogleSignIn */ = {
			isa = XCSwiftPackageProductDependency;
			package = 2CA4E9E12F57E0ED0055DC42 /* XCRemoteSwiftPackageReference "GoogleSignIn-iOS" */;
			productName = GoogleSignIn;
		};
		2CA4E9E42F57E0ED0055DC42 /* GoogleSignInSwift */ = {
			isa = XCSwiftPackageProductDependency;
			package = 2CA4E9E12F57E0ED0055DC42 /* XCRemoteSwiftPackageReference "GoogleSignIn-iOS" */;
			productName = GoogleSignInSwift;
		};
		2CAE49C02F4AEA710032236E /* MarkdownUI */ = {
			isa = XCSwiftPackageProductDependency;
			package = 2CAE49BF2F4AEA710032236E /* XCRemoteSwiftPackageReference "swift-markdown-ui" */;
			productName = MarkdownUI;
		};
		2CAE49C72F4AEF1E0032236E /* LaTeXSwiftUI */ = {
			isa = XCSwiftPackageProductDependency;
			package = 2CAE49C62F4AEF1E0032236E /* XCRemoteSwiftPackageReference "LaTeXSwiftUI" */;
			productName = LaTeXSwiftUI;
		};
		2CE0E16C2F4C26E0006EF697 /* FirebaseAnalytics */ = {
			isa = XCSwiftPackageProductDependency;
			package = 2CE0E16B2F4C26E0006EF697 /* XCRemoteSwiftPackageReference "firebase-ios-sdk" */;
			productName = FirebaseAnalytics;
		};
		2CE0E16E2F4C26E0006EF697 /* FirebaseAuth */ = {
			isa = XCSwiftPackageProductDependency;
			package = 2CE0E16B2F4C26E0006EF697 /* XCRemoteSwiftPackageReference "firebase-ios-sdk" */;
			productName = FirebaseAuth;
		};
		2CE0E1702F4C26E0006EF697 /* FirebaseCrashlytics */ = {
			isa = XCSwiftPackageProductDependency;
			package = 2CE0E16B2F4C26E0006EF697 /* XCRemoteSwiftPackageReference "firebase-ios-sdk" */;
			productName = FirebaseCrashlytics;
		};
		2CE0E1722F4C26E0006EF697 /* FirebaseDatabase */ = {
			isa = XCSwiftPackageProductDependency;
			package = 2CE0E16B2F4C26E0006EF697 /* XCRemoteSwiftPackageReference "firebase-ios-sdk" */;
			productName = FirebaseDatabase;
		};
		2CE0E1742F4C26E0006EF697 /* FirebaseFirestore */ = {
			isa = XCSwiftPackageProductDependency;
			package = 2CE0E16B2F4C26E0006EF697 /* XCRemoteSwiftPackageReference "firebase-ios-sdk" */;
			productName = FirebaseFirestore;
		};
		2CE0E1762F4C26E0006EF697 /* FirebaseFunctions */ = {
			isa = XCSwiftPackageProductDependency;
			package = 2CE0E16B2F4C26E0006EF697 /* XCRemoteSwiftPackageReference "firebase-ios-sdk" */;
			productName = FirebaseFunctions;
		};
		2CE0E1782F4C26E0006EF697 /* FirebaseMessaging */ = {
			isa = XCSwiftPackageProductDependency;
			package = 2CE0E16B2F4C26E0006EF697 /* XCRemoteSwiftPackageReference "firebase-ios-sdk" */;
			productName = FirebaseMessaging;
		};
		2CE0E17A2F4C26E0006EF697 /* FirebaseRemoteConfig */ = {
			isa = XCSwiftPackageProductDependency;
			package = 2CE0E16B2F4C26E0006EF697 /* XCRemoteSwiftPackageReference "firebase-ios-sdk" */;
			productName = FirebaseRemoteConfig;
		};
		2CE0E17C2F4C26E0006EF697 /* FirebaseStorage */ = {
			isa = XCSwiftPackageProductDependency;
			package = 2CE0E16B2F4C26E0006EF697 /* XCRemoteSwiftPackageReference "firebase-ios-sdk" */;
			productName = FirebaseStorage;
		};
/* End XCSwiftPackageProductDependency section */
	};
	rootObject = 2C98C8BB2EFE4F0800BF141B /* Project object */;
}
